
Microsoft Visual Studio Solution File, Format Version 12.00
# Visual Studio Version 16
VisualStudioVersion = 16.0.30517.126
MinimumVisualStudioVersion = 10.0.40219.1
Project("{FAE04EC0-301F-11D3-BF4B-00C04F79EFBC}") = "FridayWorkWithFiles", "FridayWorkWithFiles\FridayWorkWithFiles.csproj", "{52357D73-06E2-432E-B8B9-9821F52779ED}"
EndProject
Project("{FAE04EC0-301F-11D3-BF4B-00C04F79EFBC}") = "DeleteFile", "DeleteFile\DeleteFile.csproj", "{6A3EF893-F5A2-4C86-838C-536D1158C291}"
EndProject
Global
	GlobalSection(SolutionConfigurationPlatforms) = preSolution
		Debug|Any CPU = Debug|Any CPU
		Release|Any CPU = Release|Any CPU
	EndGlobalSection
	GlobalSection(ProjectConfigurationPlatforms) = postSolution
		{52357D73-06E2-432E-B8B9-9821F52779ED}.Debug|Any CPU.ActiveCfg = Debug|Any CPU
		{52357D73-06E2-432E-B8B9-9821F52779ED}.Debug|Any CPU.Build.0 = Debug|Any CPU
		{52357D73-06E2-432E-B8B9-9821F52779ED}.Release|Any CPU.ActiveCfg = Release|Any CPU
		{52357D73-06E2-432E-B8B9-9821F52779ED}.Release|Any CPU.Build.0 = Release|Any CPU
		{6A3EF893-F5A2-4C86-838C-536D1158C291}.Debug|Any CPU.ActiveCfg = Debug|Any CPU
		{6A3EF893-F5A2-4C86-838C-536D1158C291}.Debug|Any CPU.Build.0 = Debug|Any CPU
		{6A3EF893-F5A2-4C86-838C-536D1158C291}.Release|Any CPU.ActiveCfg = Release|Any CPU
		{6A3EF893-F5A2-4C86-838C-536D1158C291}.Release|Any CPU.Build.0 = Release|Any CPU
	EndGlobalSection
	GlobalSection(SolutionProperties) = preSolution
		HideSolutionNode = FALSE
	EndGlobalSection
	GlobalSection(ExtensibilityGlobals) = postSolution
		SolutionGuid = {E392ECCC-50AB-4CEC-A8A4-576F67654CC0}
	EndGlobalSection
EndGlobal
